
Microsoft Visual Studio Solution File, Format Version 12.00
# Visual Studio 15
VisualStudioVersion = 15.0.28010.2036
MinimumVisualStudioVersion = 10.0.40219.1
Project("{FAE04EC0-301F-11D3-BF4B-00C04F79EFBC}") = "Controller", "Model\Model\Controller.csproj", "{6CEA48B8-F926-4282-9EEE-8D3AFC109660}"
EndProject
Project("{FAE04EC0-301F-11D3-BF4B-00C04F79EFBC}") = "ConsoleInterface", "ConsoleInterface\ConsoleInterface.csproj", "{013F13C4-7F73-4E41-A4C5-BFABE5009BF1}"
EndProject
Global
	GlobalSection(SolutionConfigurationPlatforms) = preSolution
		Debug|Any CPU = Debug|Any CPU
		Debug|x64 = Debug|x64
		Release|Any CPU = Release|Any CPU
		Release|x64 = Release|x64
	EndGlobalSection
	GlobalSection(ProjectConfigurationPlatforms) = postSolution
		{6CEA48B8-F926-4282-9EEE-8D3AFC109660}.Debug|Any CPU.ActiveCfg = Debug|Any CPU
		{6CEA48B8-F926-4282-9EEE-8D3AFC109660}.Debug|Any CPU.Build.0 = Debug|Any CPU
		{6CEA48B8-F926-4282-9EEE-8D3AFC109660}.Debug|x64.ActiveCfg = Debug|x64
		{6CEA48B8-F926-4282-9EEE-8D3AFC109660}.Debug|x64.Build.0 = Debug|x64
		{6CEA48B8-F926-4282-9EEE-8D3AFC109660}.Release|Any CPU.ActiveCfg = Release|Any CPU
		{6CEA48B8-F926-4282-9EEE-8D3AFC109660}.Release|Any CPU.Build.0 = Release|Any CPU
		{6CEA48B8-F926-4282-9EEE-8D3AFC109660}.Release|x64.ActiveCfg = Release|Any CPU
		{6CEA48B8-F926-4282-9EEE-8D3AFC109660}.Release|x64.Build.0 = Release|Any CPU
		{013F13C4-7F73-4E41-A4C5-BFABE5009BF1}.Debug|Any CPU.ActiveCfg = Debug|Any CPU
		{013F13C4-7F73-4E41-A4C5-BFABE5009BF1}.Debug|Any CPU.Build.0 = Debug|Any CPU
		{013F13C4-7F73-4E41-A4C5-BFABE5009BF1}.Debug|x64.ActiveCfg = Debug|x64
		{013F13C4-7F73-4E41-A4C5-BFABE5009BF1}.Debug|x64.Build.0 = Debug|x64
		{013F13C4-7F73-4E41-A4C5-BFABE5009BF1}.Release|Any CPU.ActiveCfg = Release|Any CPU
		{013F13C4-7F73-4E41-A4C5-BFABE5009BF1}.Release|Any CPU.Build.0 = Release|Any CPU
		{013F13C4-7F73-4E41-A4C5-BFABE5009BF1}.Release|x64.ActiveCfg = Release|Any CPU
		{013F13C4-7F73-4E41-A4C5-BFABE5009BF1}.Release|x64.Build.0 = Release|Any CPU
	EndGlobalSection
	GlobalSection(SolutionProperties) = preSolution
		HideSolutionNode = FALSE
	EndGlobalSection
	GlobalSection(ExtensibilityGlobals) = postSolution
		SolutionGuid = {2E4ABFDE-1760-43AA-9EA0-1F5B9CFEADA5}
	EndGlobalSection
EndGlobal
